
Microsoft Visual Studio Solution File, Format Version 12.00
# Visual Studio 15
VisualStudioVersion = 15.0.28307.136
MinimumVisualStudioVersion = 10.0.40219.1
Project("{FAE04EC0-301F-11D3-BF4B-00C04F79EFBC}") = "Internship-2-Inventory", "Internship-2-Inventory\Internship-2-Inventory.csproj", "{510E6ED8-7CA5-4F2E-9D49-BCFB0640BA31}"
EndProject
Global
	GlobalSection(SolutionConfigurationPlatforms) = preSolution
		Debug|Any CPU = Debug|Any CPU
		Release|Any CPU = Release|Any CPU
	EndGlobalSection
	GlobalSection(ProjectConfigurationPlatforms) = postSolution
		{510E6ED8-7CA5-4F2E-9D49-BCFB0640BA31}.Debug|Any CPU.ActiveCfg = Debug|Any CPU
		{510E6ED8-7CA5-4F2E-9D49-BCFB0640BA31}.Debug|Any CPU.Build.0 = Debug|Any CPU
		{510E6ED8-7CA5-4F2E-9D49-BCFB0640BA31}.Release|Any CPU.ActiveCfg = Release|Any CPU
		{510E6ED8-7CA5-4F2E-9D49-BCFB0640BA31}.Release|Any CPU.Build.0 = Release|Any CPU
	EndGlobalSection
	GlobalSection(SolutionProperties) = preSolution
		HideSolutionNode = FALSE
	EndGlobalSection
	GlobalSection(ExtensibilityGlobals) = postSolution
		SolutionGuid = {2857CA55-535E-46BB-B7D6-47E2B63A095B}
	EndGlobalSection
EndGlobal
